
Microsoft Visual Studio Solution File, Format Version 12.00
# Visual Studio Version 17
VisualStudioVersion = 17.10.35122.118
MinimumVisualStudioVersion = 10.0.40219.1
Project("{FAE04EC0-301F-11D3-BF4B-00C04F79EFBC}") = "1061", "1061\1061.csproj", "{0E51CFA6-FC01-477C-B2D4-48B24FE63CD6}"
EndProject
Global
	GlobalSection(SolutionConfigurationPlatforms) = preSolution
		Debug|Any CPU = Debug|Any CPU
		Release|Any CPU = Release|Any CPU
	EndGlobalSection
	GlobalSection(ProjectConfigurationPlatforms) = postSolution
		{0E51CFA6-FC01-477C-B2D4-48B24FE63CD6}.Debug|Any CPU.ActiveCfg = Debug|Any CPU
		{0E51CFA6-FC01-477C-B2D4-48B24FE63CD6}.Debug|Any CPU.Build.0 = Debug|Any CPU
		{0E51CFA6-FC01-477C-B2D4-48B24FE63CD6}.Release|Any CPU.ActiveCfg = Release|Any CPU
		{0E51CFA6-FC01-477C-B2D4-48B24FE63CD6}.Release|Any CPU.Build.0 = Release|Any CPU
	EndGlobalSection
	GlobalSection(SolutionProperties) = preSolution
		HideSolutionNode = FALSE
	EndGlobalSection
	GlobalSection(ExtensibilityGlobals) = postSolution
		SolutionGuid = {0A3585AA-70DF-4593-AF11-CC225D5DF481}
	EndGlobalSection
EndGlobal
