
Microsoft Visual Studio Solution File, Format Version 12.00
# Visual Studio Version 17
VisualStudioVersion = 17.10.35122.118
MinimumVisualStudioVersion = 10.0.40219.1
Project("{FAE04EC0-301F-11D3-BF4B-00C04F79EFBC}") = "1020", "1020\1020.csproj", "{A65D7C92-0D67-4EE1-9911-ECF9FEB0500A}"
EndProject
Global
	GlobalSection(SolutionConfigurationPlatforms) = preSolution
		Debug|Any CPU = Debug|Any CPU
		Release|Any CPU = Release|Any CPU
	EndGlobalSection
	GlobalSection(ProjectConfigurationPlatforms) = postSolution
		{A65D7C92-0D67-4EE1-9911-ECF9FEB0500A}.Debug|Any CPU.ActiveCfg = Debug|Any CPU
		{A65D7C92-0D67-4EE1-9911-ECF9FEB0500A}.Debug|Any CPU.Build.0 = Debug|Any CPU
		{A65D7C92-0D67-4EE1-9911-ECF9FEB0500A}.Release|Any CPU.ActiveCfg = Release|Any CPU
		{A65D7C92-0D67-4EE1-9911-ECF9FEB0500A}.Release|Any CPU.Build.0 = Release|Any CPU
	EndGlobalSection
	GlobalSection(SolutionProperties) = preSolution
		HideSolutionNode = FALSE
	EndGlobalSection
	GlobalSection(ExtensibilityGlobals) = postSolution
		SolutionGuid = {EE9DAFE5-17FC-4CF2-A3D6-76E91A4B7992}
	EndGlobalSection
EndGlobal
