
Microsoft Visual Studio Solution File, Format Version 12.00
# Visual Studio Version 17
VisualStudioVersion = 17.10.35122.118
MinimumVisualStudioVersion = 10.0.40219.1
Project("{FAE04EC0-301F-11D3-BF4B-00C04F79EFBC}") = "1017", "1017\1017.csproj", "{364E0727-3D5F-455F-B2A5-81321FF523EE}"
EndProject
Global
	GlobalSection(SolutionConfigurationPlatforms) = preSolution
		Debug|Any CPU = Debug|Any CPU
		Release|Any CPU = Release|Any CPU
	EndGlobalSection
	GlobalSection(ProjectConfigurationPlatforms) = postSolution
		{364E0727-3D5F-455F-B2A5-81321FF523EE}.Debug|Any CPU.ActiveCfg = Debug|Any CPU
		{364E0727-3D5F-455F-B2A5-81321FF523EE}.Debug|Any CPU.Build.0 = Debug|Any CPU
		{364E0727-3D5F-455F-B2A5-81321FF523EE}.Release|Any CPU.ActiveCfg = Release|Any CPU
		{364E0727-3D5F-455F-B2A5-81321FF523EE}.Release|Any CPU.Build.0 = Release|Any CPU
	EndGlobalSection
	GlobalSection(SolutionProperties) = preSolution
		HideSolutionNode = FALSE
	EndGlobalSection
	GlobalSection(ExtensibilityGlobals) = postSolution
		SolutionGuid = {7DB557D7-187B-4A75-A828-D18462F8F970}
	EndGlobalSection
EndGlobal
