
Microsoft Visual Studio Solution File, Format Version 12.00
# Visual Studio Version 17
VisualStudioVersion = 17.10.35122.118
MinimumVisualStudioVersion = 10.0.40219.1
Project("{FAE04EC0-301F-11D3-BF4B-00C04F79EFBC}") = "1007", "1007\1007.csproj", "{CA0889FF-5105-4884-9ED9-A97FA5AEBF89}"
EndProject
Global
	GlobalSection(SolutionConfigurationPlatforms) = preSolution
		Debug|Any CPU = Debug|Any CPU
		Release|Any CPU = Release|Any CPU
	EndGlobalSection
	GlobalSection(ProjectConfigurationPlatforms) = postSolution
		{CA0889FF-5105-4884-9ED9-A97FA5AEBF89}.Debug|Any CPU.ActiveCfg = Debug|Any CPU
		{CA0889FF-5105-4884-9ED9-A97FA5AEBF89}.Debug|Any CPU.Build.0 = Debug|Any CPU
		{CA0889FF-5105-4884-9ED9-A97FA5AEBF89}.Release|Any CPU.ActiveCfg = Release|Any CPU
		{CA0889FF-5105-4884-9ED9-A97FA5AEBF89}.Release|Any CPU.Build.0 = Release|Any CPU
	EndGlobalSection
	GlobalSection(SolutionProperties) = preSolution
		HideSolutionNode = FALSE
	EndGlobalSection
	GlobalSection(ExtensibilityGlobals) = postSolution
		SolutionGuid = {87E4B383-281B-4388-949A-1EFFB43D9082}
	EndGlobalSection
EndGlobal
